# This file is autogenerated, do not edit; changes may be undone by the next 'dep ensure'.


[[projects]]
  branch = "master"
  digest = "1:9dc24a219c7350b0f672c982178f4080258ad4593eb2d28658e4c93fc5f4bd8d"
  name = "myitcv.io"
  packages = ["gogenerate"]
  pruneopts = "UT"
  revision = "41b95f3455a09286e26d4c2ca22df209380749ed"

[solve-meta]
  analyzer-name = "dep"
  analyzer-version = 1
  input-imports = ["myitcv.io/gogenerate"]
  solver-name = "gps-cdcl"
  solver-version = 1
